
Microsoft Visual Studio Solution File, Format Version 12.00
# Visual Studio Version 17
VisualStudioVersion = 17.3.32811.315
MinimumVisualStudioVersion = 10.0.40219.1
Project("{2150E333-8FDC-42A3-9474-1A3956D46DE8}") = "Tests", "Tests", "{9C454D45-326F-4EA1-8177-64341267A17F}"
EndProject
Project("{9A19103F-16F7-4668-BE54-9A1E7A4F7556}") = "ClrAssembly", "Tests\ClrAssembly\ClrAssembly.csproj", "{BEE737B9-18D5-48D9-8672-9A896213C98B}"
	ProjectSection(ProjectDependencies) = postProject
		{EB66B766-6354-4208-A3D4-AACBDCB5C3B3} = {EB66B766-6354-4208-A3D4-AACBDCB5C3B3}
	EndProjectSection
EndProject
Project("{9A19103F-16F7-4668-BE54-9A1E7A4F7556}") = "Microsoft.Dynamic", "Src\Microsoft.Dynamic\Microsoft.Dynamic.csproj", "{EB66B766-6354-4208-A3D4-AACBDCB5C3B3}"
EndProject
Project("{9A19103F-16F7-4668-BE54-9A1E7A4F7556}") = "Microsoft.Scripting", "Src\Microsoft.Scripting\Microsoft.Scripting.csproj", "{02FF0909-F5AD-48CF-A86A-345E721B7E40}"
EndProject
Project("{9A19103F-16F7-4668-BE54-9A1E7A4F7556}") = "Microsoft.Scripting.Metadata", "Src\Microsoft.Scripting.Metadata\Microsoft.Scripting.Metadata.csproj", "{ACDD9B9E-8FE6-439C-9521-1CCBA47F6143}"
EndProject
Project("{9A19103F-16F7-4668-BE54-9A1E7A4F7556}") = "Metadata", "Tests\Metadata\Metadata.csproj", "{848BBEB0-63E6-4736-B60C-23A9D733593D}"
EndProject
Project("{2150E333-8FDC-42A3-9474-1A3956D46DE8}") = "Solution Items", "Solution Items", "{BFEE2666-74E5-49B0-BEB7-1F01CECD7F98}"
	ProjectSection(SolutionItems) = preProject
		.editorconfig = .editorconfig
		Build.proj = Build.proj
		CurrentVersion.props = CurrentVersion.props
		Directory.Build.props = Directory.Build.props
		DLR.ruleset = DLR.ruleset
		global.json = global.json
		LICENSE = LICENSE
		make.ps1 = make.ps1
		NuGet.config = NuGet.config
		README.md = README.md
	EndProjectSection
EndProject
Project("{2150E333-8FDC-42A3-9474-1A3956D46DE8}") = "Build", "Build", "{60056F49-17D6-4C5C-80EC-F203BA2F7E3B}"
	ProjectSection(SolutionItems) = preProject
		Build\After.targets = Build\After.targets
		Build\net462.props = Build\net462.props
		Build\net6.0.props = Build\net6.0.props
		Build\net8.0.props = Build\net8.0.props
		Build\net9.0.props = Build\net9.0.props
		Build\netstandard2.0.props = Build\netstandard2.0.props
		Build\steps.yml = Build\steps.yml
	EndProjectSection
EndProject
Project("{2150E333-8FDC-42A3-9474-1A3956D46DE8}") = "Package", "Package", "{006DB050-2A71-4F36-BBE1-4AF6AF310C13}"
EndProject
Project("{2150E333-8FDC-42A3-9474-1A3956D46DE8}") = "nuget", "nuget", "{88E65B67-BFB5-4BB3-A22C-5B7EDD082B2E}"
	ProjectSection(SolutionItems) = preProject
		Package\nuget\DynamicLanguageRuntime.nuspec = Package\nuget\DynamicLanguageRuntime.nuspec
	EndProjectSection
EndProject
Project("{9A19103F-16F7-4668-BE54-9A1E7A4F7556}") = "Microsoft.Dynamic.Test", "Tests\Microsoft.Dynamic.Test\Microsoft.Dynamic.Test.csproj", "{CBDDAD40-D44E-458A-AA53-9A6DB62EC4A1}"
EndProject
Project("{9A19103F-16F7-4668-BE54-9A1E7A4F7556}") = "Microsoft.Scripting.Test", "Tests\Microsoft.Scripting.Test\Microsoft.Scripting.Test.csproj", "{56B4AA3A-42BC-4CA6-A022-703A777332AF}"
EndProject
Global
	GlobalSection(SolutionConfigurationPlatforms) = preSolution
		Debug|Any CPU = Debug|Any CPU
		Release|Any CPU = Release|Any CPU
	EndGlobalSection
	GlobalSection(ProjectConfigurationPlatforms) = postSolution
		{BEE737B9-18D5-48D9-8672-9A896213C98B}.Debug|Any CPU.ActiveCfg = Debug|Any CPU
		{BEE737B9-18D5-48D9-8672-9A896213C98B}.Debug|Any CPU.Build.0 = Debug|Any CPU
		{BEE737B9-18D5-48D9-8672-9A896213C98B}.Release|Any CPU.ActiveCfg = Release|Any CPU
		{BEE737B9-18D5-48D9-8672-9A896213C98B}.Release|Any CPU.Build.0 = Release|Any CPU
		{EB66B766-6354-4208-A3D4-AACBDCB5C3B3}.Debug|Any CPU.ActiveCfg = Debug|Any CPU
		{EB66B766-6354-4208-A3D4-AACBDCB5C3B3}.Debug|Any CPU.Build.0 = Debug|Any CPU
		{EB66B766-6354-4208-A3D4-AACBDCB5C3B3}.Release|Any CPU.ActiveCfg = Release|Any CPU
		{EB66B766-6354-4208-A3D4-AACBDCB5C3B3}.Release|Any CPU.Build.0 = Release|Any CPU
		{02FF0909-F5AD-48CF-A86A-345E721B7E40}.Debug|Any CPU.ActiveCfg = Debug|Any CPU
		{02FF0909-F5AD-48CF-A86A-345E721B7E40}.Debug|Any CPU.Build.0 = Debug|Any CPU
		{02FF0909-F5AD-48CF-A86A-345E721B7E40}.Release|Any CPU.ActiveCfg = Release|Any CPU
		{02FF0909-F5AD-48CF-A86A-345E721B7E40}.Release|Any CPU.Build.0 = Release|Any CPU
		{ACDD9B9E-8FE6-439C-9521-1CCBA47F6143}.Debug|Any CPU.ActiveCfg = Debug|Any CPU
		{ACDD9B9E-8FE6-439C-9521-1CCBA47F6143}.Debug|Any CPU.Build.0 = Debug|Any CPU
		{ACDD9B9E-8FE6-439C-9521-1CCBA47F6143}.Release|Any CPU.ActiveCfg = Release|Any CPU
		{ACDD9B9E-8FE6-439C-9521-1CCBA47F6143}.Release|Any CPU.Build.0 = Release|Any CPU
		{848BBEB0-63E6-4736-B60C-23A9D733593D}.Debug|Any CPU.ActiveCfg = Debug|Any CPU
		{848BBEB0-63E6-4736-B60C-23A9D733593D}.Debug|Any CPU.Build.0 = Debug|Any CPU
		{848BBEB0-63E6-4736-B60C-23A9D733593D}.Release|Any CPU.ActiveCfg = Release|Any CPU
		{848BBEB0-63E6-4736-B60C-23A9D733593D}.Release|Any CPU.Build.0 = Release|Any CPU
		{CBDDAD40-D44E-458A-AA53-9A6DB62EC4A1}.Debug|Any CPU.ActiveCfg = Debug|Any CPU
		{CBDDAD40-D44E-458A-AA53-9A6DB62EC4A1}.Debug|Any CPU.Build.0 = Debug|Any CPU
		{CBDDAD40-D44E-458A-AA53-9A6DB62EC4A1}.Release|Any CPU.ActiveCfg = Release|Any CPU
		{CBDDAD40-D44E-458A-AA53-9A6DB62EC4A1}.Release|Any CPU.Build.0 = Release|Any CPU
		{56B4AA3A-42BC-4CA6-A022-703A777332AF}.Debug|Any CPU.ActiveCfg = Debug|Any CPU
		{56B4AA3A-42BC-4CA6-A022-703A777332AF}.Debug|Any CPU.Build.0 = Debug|Any CPU
		{56B4AA3A-42BC-4CA6-A022-703A777332AF}.Release|Any CPU.ActiveCfg = Release|Any CPU
		{56B4AA3A-42BC-4CA6-A022-703A777332AF}.Release|Any CPU.Build.0 = Release|Any CPU
	EndGlobalSection
	GlobalSection(SolutionProperties) = preSolution
		HideSolutionNode = FALSE
	EndGlobalSection
	GlobalSection(NestedProjects) = preSolution
		{BEE737B9-18D5-48D9-8672-9A896213C98B} = {9C454D45-326F-4EA1-8177-64341267A17F}
		{848BBEB0-63E6-4736-B60C-23A9D733593D} = {9C454D45-326F-4EA1-8177-64341267A17F}
		{60056F49-17D6-4C5C-80EC-F203BA2F7E3B} = {BFEE2666-74E5-49B0-BEB7-1F01CECD7F98}
		{006DB050-2A71-4F36-BBE1-4AF6AF310C13} = {BFEE2666-74E5-49B0-BEB7-1F01CECD7F98}
		{88E65B67-BFB5-4BB3-A22C-5B7EDD082B2E} = {006DB050-2A71-4F36-BBE1-4AF6AF310C13}
		{CBDDAD40-D44E-458A-AA53-9A6DB62EC4A1} = {9C454D45-326F-4EA1-8177-64341267A17F}
		{56B4AA3A-42BC-4CA6-A022-703A777332AF} = {9C454D45-326F-4EA1-8177-64341267A17F}
	EndGlobalSection
	GlobalSection(ExtensibilityGlobals) = postSolution
		SolutionGuid = {408269A6-9EA8-42FE-8C65-33A9DCF776B7}
	EndGlobalSection
EndGlobal
